// !$*UTF8*$!
{
	archiveVersion = 1;
	classes = {
	};
	objectVersion = 55;
	objects = {

/* Begin PBXBuildFile section */
		3D9D84512759D14D00EB6F79 /* IsProgrammingForMeApp.swift in Sources */ = {isa = PBXBuildFile; fileRef = 3D9D84502759D14D00EB6F79 /* IsProgrammingForMeApp.swift */; };
		3D9D84532759D14D00EB6F79 /* ContentView.swift in Sources */ = {isa = PBXBuildFile; fileRef = 3D9D84522759D14D00EB6F79 /* ContentView.swift */; };
		3D9D84552759D14E00EB6F79 /* Assets.xcassets in Resources */ = {isa = PBXBuildFile; fileRef = 3D9D84542759D14E00EB6F79 /* Assets.xcassets */; };
		3D9D84582759D14E00EB6F79 /* Preview Assets.xcassets in Resources */ = {isa = PBXBuildFile; fileRef = 3D9D84572759D14E00EB6F79 /* Preview Assets.xcassets */; };
		3D9D845A2759D14E00EB6F79 /* Persistence.swift in Sources */ = {isa = PBXBuildFile; fileRef = 3D9D84592759D14E00EB6F79 /* Persistence.swift */; };
		3D9D845D2759D14E00EB6F79 /* IsProgrammingForMe.xcdatamodeld in Sources */ = {isa = PBXBuildFile; fileRef = 3D9D845B2759D14E00EB6F79 /* IsProgrammingForMe.xcdatamodeld */; };
		3D9D84672759D14E00EB6F79 /* IsProgrammingForMeTests.swift in Sources */ = {isa = PBXBuildFile; fileRef = 3D9D84662759D14E00EB6F79 /* IsProgrammingForMeTests.swift */; };
		3D9D84712759D14E00EB6F79 /* IsProgrammingForMeUITests.swift in Sources */ = {isa = PBXBuildFile; fileRef = 3D9D84702759D14E00EB6F79 /* IsProgrammingForMeUITests.swift */; };
		3D9D84732759D14E00EB6F79 /* IsProgrammingForMeUITestsLaunchTests.swift in Sources */ = {isa = PBXBuildFile; fileRef = 3D9D84722759D14E00EB6F79 /* IsProgrammingForMeUITestsLaunchTests.swift */; };
		3D9D84BE275B096600EB6F79 /* OldScores.swift in Sources */ = {isa = PBXBuildFile; fileRef = 3D9D84BD275B096500EB6F79 /* OldScores.swift */; };
/* End PBXBuildFile section */

/* Begin PBXContainerItemProxy section */
		3D9D84632759D14E00EB6F79 /* PBXContainerItemProxy */ = {
			isa = PBXContainerItemProxy;
			containerPortal = 3D9D84452759D14D00EB6F79 /* Project object */;
			proxyType = 1;
			remoteGlobalIDString = 3D9D844C2759D14D00EB6F79;
			remoteInfo = IsProgrammingForMe;
		};
		3D9D846D2759D14E00EB6F79 /* PBXContainerItemProxy */ = {
			isa = PBXContainerItemProxy;
			containerPortal = 3D9D84452759D14D00EB6F79 /* Project object */;
			proxyType = 1;
			remoteGlobalIDString = 3D9D844C2759D14D00EB6F79;
			remoteInfo = IsProgrammingForMe;
		};
/* End PBXContainerItemProxy section */

/* Begin PBXFileReference section */
		3D9D844D2759D14D00EB6F79 /* IsProgrammingForMe.app */ = {isa = PBXFileReference; explicitFileType = wrapper.application; includeInIndex = 0; path = IsProgrammingForMe.app; sourceTree = BUILT_PRODUCTS_DIR; };
		3D9D84502759D14D00EB6F79 /* IsProgrammingForMeApp.swift */ = {isa = PBXFileReference; lastKnownFileType = sourcecode.swift; path = IsProgrammingForMeApp.swift; sourceTree = "<group>"; };
		3D9D84522759D14D00EB6F79 /* ContentView.swift */ = {isa = PBXFileReference; lastKnownFileType = sourcecode.swift; path = ContentView.swift; sourceTree = "<group>"; };
		3D9D84542759D14E00EB6F79 /* Assets.xcassets */ = {isa = PBXFileReference; lastKnownFileType = folder.assetcatalog; path = Assets.xcassets; sourceTree = "<group>"; };
		3D9D84572759D14E00EB6F79 /* Preview Assets.xcassets */ = {isa = PBXFileReference; lastKnownFileType = folder.assetcatalog; path = "Preview Assets.xcassets"; sourceTree = "<group>"; };
		3D9D84592759D14E00EB6F79 /* Persistence.swift */ = {isa = PBXFileReference; lastKnownFileType = sourcecode.swift; path = Persistence.swift; sourceTree = "<group>"; };
		3D9D845C2759D14E00EB6F79 /* IsProgrammingForMe.xcdatamodel */ = {isa = PBXFileReference; lastKnownFileType = wrapper.xcdatamodel; path = IsProgrammingForMe.xcdatamodel; sourceTree = "<group>"; };
		3D9D84622759D14E00EB6F79 /* IsProgrammingForMeTests.xctest */ = {isa = PBXFileReference; explicitFileType = wrapper.cfbundle; includeInIndex = 0; path = IsProgrammingForMeTests.xctest; sourceTree = BUILT_PRODUCTS_DIR; };
		3D9D84662759D14E00EB6F79 /* IsProgrammingForMeTests.swift */ = {isa = PBXFileReference; lastKnownFileType = sourcecode.swift; path = IsProgrammingForMeTests.swift; sourceTree = "<group>"; };
		3D9D846C2759D14E00EB6F79 /* IsProgrammingForMeUITests.xctest */ = {isa = PBXFileReference; explicitFileType = wrapper.cfbundle; includeInIndex = 0; path = IsProgrammingForMeUITests.xctest; sourceTree = BUILT_PRODUCTS_DIR; };
		3D9D84702759D14E00EB6F79 /* IsProgrammingForMeUITests.swift */ = {isa = PBXFileReference; lastKnownFileType = sourcecode.swift; path = IsProgrammingForMeUITests.swift; sourceTree = "<group>"; };
		3D9D84722759D14E00EB6F79 /* IsProgrammingForMeUITestsLaunchTests.swift */ = {isa = PBXFileReference; lastKnownFileType = sourcecode.swift; path = IsProgrammingForMeUITestsLaunchTests.swift; sourceTree = "<group>"; };
		3D9D84BD275B096500EB6F79 /* OldScores.swift */ = {isa = PBXFileReference; lastKnownFileType = sourcecode.swift; path = OldScores.swift; sourceTree = "<group>"; };
/* End PBXFileReference section */

/* Begin PBXFrameworksBuildPhase section */
		3D9D844A2759D14D00EB6F79 /* Frameworks */ = {
			isa = PBXFrameworksBuildPhase;
			buildActionMask = 2147483647;
			files = (
			);
			runOnlyForDeploymentPostprocessing = 0;
		};
		3D9D845F2759D14E00EB6F79 /* Frameworks */ = {
			isa = PBXFrameworksBuildPhase;
			buildActionMask = 2147483647;
			files = (
			);
			runOnlyForDeploymentPostprocessing = 0;
		};
		3D9D84692759D14E00EB6F79 /* Frameworks */ = {
			isa = PBXFrameworksBuildPhase;
			buildActionMask = 2147483647;
			files = (
			);
			runOnlyForDeploymentPostprocessing = 0;
		};
/* End PBXFrameworksBuildPhase section */

/* Begin PBXGroup section */
		3D9D84442759D14D00EB6F79 = {
			isa = PBXGroup;
			children = (
				3D9D844F2759D14D00EB6F79 /* IsProgrammingForMe */,
				3D9D84652759D14E00EB6F79 /* IsProgrammingForMeTests */,
				3D9D846F2759D14E00EB6F79 /* IsProgrammingForMeUITests */,
				3D9D844E2759D14D00EB6F79 /* Products */,
			);
			sourceTree = "<group>";
		};
		3D9D844E2759D14D00EB6F79 /* Products */ = {
			isa = PBXGroup;
			children = (
				3D9D844D2759D14D00EB6F79 /* IsProgrammingForMe.app */,
				3D9D84622759D14E00EB6F79 /* IsProgrammingForMeTests.xctest */,
				3D9D846C2759D14E00EB6F79 /* IsProgrammingForMeUITests.xctest */,
			);
			name = Products;
			sourceTree = "<group>";
		};
		3D9D844F2759D14D00EB6F79 /* IsProgrammingForMe */ = {
			isa = PBXGroup;
			children = (
				3D9D84502759D14D00EB6F79 /* IsProgrammingForMeApp.swift */,
				3D9D84522759D14D00EB6F79 /* ContentView.swift */,
				3D9D84BD275B096500EB6F79 /* OldScores.swift */,
				3D9D84542759D14E00EB6F79 /* Assets.xcassets */,
				3D9D84592759D14E00EB6F79 /* Persistence.swift */,
				3D9D845B2759D14E00EB6F79 /* IsProgrammingForMe.xcdatamodeld */,
				3D9D84562759D14E00EB6F79 /* Preview Content */,
			);
			path = IsProgrammingForMe;
			sourceTree = "<group>";
		};
		3D9D84562759D14E00EB6F79 /* Preview Content */ = {
			isa = PBXGroup;
			children = (
				3D9D84572759D14E00EB6F79 /* Preview Assets.xcassets */,
			);
			path = "Preview Content";
			sourceTree = "<group>";
		};
		3D9D84652759D14E00EB6F79 /* IsProgrammingForMeTests */ = {
			isa = PBXGroup;
			children = (
				3D9D84662759D14E00EB6F79 /* IsProgrammingForMeTests.swift */,
			);
			path = IsProgrammingForMeTests;
			sourceTree = "<group>";
		};
		3D9D846F2759D14E00EB6F79 /* IsProgrammingForMeUITests */ = {
			isa = PBXGroup;
			children = (
				3D9D84702759D14E00EB6F79 /* IsProgrammingForMeUITests.swift */,
				3D9D84722759D14E00EB6F79 /* IsProgrammingForMeUITestsLaunchTests.swift */,
			);
			path = IsProgrammingForMeUITests;
			sourceTree = "<group>";
		};
/* End PBXGroup section */

/* Begin PBXNativeTarget section */
		3D9D844C2759D14D00EB6F79 /* IsProgrammingForMe */ = {
			isa = PBXNativeTarget;
			buildConfigurationList = 3D9D84762759D14E00EB6F79 /* Build configuration list for PBXNativeTarget "IsProgrammingForMe" */;
			buildPhases = (
				3D9D84492759D14D00EB6F79 /* Sources */,
				3D9D844A2759D14D00EB6F79 /* Frameworks */,
				3D9D844B2759D14D00EB6F79 /* Resources */,
			);
			buildRules = (
			);
			dependencies = (
			);
			name = IsProgrammingForMe;
			productName = IsProgrammingForMe;
			productReference = 3D9D844D2759D14D00EB6F79 /* IsProgrammingForMe.app */;
			productType = "com.apple.product-type.application";
		};
		3D9D84612759D14E00EB6F79 /* IsProgrammingForMeTests */ = {
			isa = PBXNativeTarget;
			buildConfigurationList = 3D9D84792759D14E00EB6F79 /* Build configuration list for PBXNativeTarget "IsProgrammingForMeTests" */;
			buildPhases = (
				3D9D845E2759D14E00EB6F79 /* Sources */,
				3D9D845F2759D14E00EB6F79 /* Frameworks */,
				3D9D84602759D14E00EB6F79 /* Resources */,
			);
			buildRules = (
			);
			dependencies = (
				3D9D84642759D14E00EB6F79 /* PBXTargetDependency */,
			);
			name = IsProgrammingForMeTests;
			productName = IsProgrammingForMeTests;
			productReference = 3D9D84622759D14E00EB6F79 /* IsProgrammingForMeTests.xctest */;
			productType = "com.apple.product-type.bundle.unit-test";
		};
		3D9D846B2759D14E00EB6F79 /* IsProgrammingForMeUITests */ = {
			isa = PBXNativeTarget;
			buildConfigurationList = 3D9D847C2759D14E00EB6F79 /* Build configuration list for PBXNativeTarget "IsProgrammingForMeUITests" */;
			buildPhases = (
				3D9D84682759D14E00EB6F79 /* Sources */,
				3D9D84692759D14E00EB6F79 /* Frameworks */,
				3D9D846A2759D14E00EB6F79 /* Resources */,
			);
			buildRules = (
			);
			dependencies = (
				3D9D846E2759D14E00EB6F79 /* PBXTargetDependency */,
			);
			name = IsProgrammingForMeUITests;
			productName = IsProgrammingForMeUITests;
			productReference = 3D9D846C2759D14E00EB6F79 /* IsProgrammingForMeUITests.xctest */;
			productType = "com.apple.product-type.bundle.ui-testing";
		};
/* End PBXNativeTarget section */

/* Begin PBXProject section */
		3D9D84452759D14D00EB6F79 /* Project object */ = {
			isa = PBXProject;
			attributes = {
				BuildIndependentTargetsInParallel = 1;
				LastSwiftUpdateCheck = 1310;
				LastUpgradeCheck = 1310;
				TargetAttributes = {
					3D9D844C2759D14D00EB6F79 = {
						CreatedOnToolsVersion = 13.1;
					};
					3D9D84612759D14E00EB6F79 = {
						CreatedOnToolsVersion = 13.1;
						TestTargetID = 3D9D844C2759D14D00EB6F79;
					};
					3D9D846B2759D14E00EB6F79 = {
						CreatedOnToolsVersion = 13.1;
						TestTargetID = 3D9D844C2759D14D00EB6F79;
					};
				};
			};
			buildConfigurationList = 3D9D84482759D14D00EB6F79 /* Build configuration list for PBXProject "IsProgrammingForMe" */;
			compatibilityVersion = "Xcode 13.0";
			developmentRegion = en;
			hasScannedForEncodings = 0;
			knownRegions = (
				en,
				Base,
			);
			mainGroup = 3D9D84442759D14D00EB6F79;
			productRefGroup = 3D9D844E2759D14D00EB6F79 /* Products */;
			projectDirPath = "";
			projectRoot = "";
			targets = (
				3D9D844C2759D14D00EB6F79 /* IsProgrammingForMe */,
				3D9D84612759D14E00EB6F79 /* IsProgrammingForMeTests */,
				3D9D846B2759D14E00EB6F79 /* IsProgrammingForMeUITests */,
			);
		};
/* End PBXProject section */

/* Begin PBXResourcesBuildPhase section */
		3D9D844B2759D14D00EB6F79 /* Resources */ = {
			isa = PBXResourcesBuildPhase;
			buildActionMask = 2147483647;
			files = (
				3D9D84582759D14E00EB6F79 /* Preview Assets.xcassets in Resources */,
				3D9D84552759D14E00EB6F79 /* Assets.xcassets in Resources */,
			);
			runOnlyForDeploymentPostprocessing = 0;
		};
		3D9D84602759D14E00EB6F79 /* Resources */ = {
			isa = PBXResourcesBuildPhase;
			buildActionMask = 2147483647;
			files = (
			);
			runOnlyForDeploymentPostprocessing = 0;
		};
		3D9D846A2759D14E00EB6F79 /* Resources */ = {
			isa = PBXResourcesBuildPhase;
			buildActionMask = 2147483647;
			files = (
			);
			runOnlyForDeploymentPostprocessing = 0;
		};
/* End PBXResourcesBuildPhase section */

/* Begin PBXSourcesBuildPhase section */
		3D9D84492759D14D00EB6F79 /* Sources */ = {
			isa = PBXSourcesBuildPhase;
			buildActionMask = 2147483647;
			files = (
				3D9D845A2759D14E00EB6F79 /* Persistence.swift in Sources */,
				3D9D84532759D14D00EB6F79 /* ContentView.swift in Sources */,
				3D9D84512759D14D00EB6F79 /* IsProgrammingForMeApp.swift in Sources */,
				3D9D84BE275B096600EB6F79 /* OldScores.swift in Sources */,
				3D9D845D2759D14E00EB6F79 /* IsProgrammingForMe.xcdatamodeld in Sources */,
			);
			runOnlyForDeploymentPostprocessing = 0;
		};
		3D9D845E2759D14E00EB6F79 /* Sources */ = {
			isa = PBXSourcesBuildPhase;
			buildActionMask = 2147483647;
			files = (
				3D9D84672759D14E00EB6F79 /* IsProgrammingForMeTests.swift in Sources */,
			);
			runOnlyForDeploymentPostprocessing = 0;
		};
		3D9D84682759D14E00EB6F79 /* Sources */ = {
			isa = PBXSourcesBuildPhase;
			buildActionMask = 2147483647;
			files = (
				3D9D84732759D14E00EB6F79 /* IsProgrammingForMeUITestsLaunchTests.swift in Sources */,
				3D9D84712759D14E00EB6F79 /* IsProgrammingForMeUITests.swift in Sources */,
			);
			runOnlyForDeploymentPostprocessing = 0;
		};
/* End PBXSourcesBuildPhase section */

/* Begin PBXTargetDependency section */
		3D9D84642759D14E00EB6F79 /* PBXTargetDependency */ = {
			isa = PBXTargetDependency;
			target = 3D9D844C2759D14D00EB6F79 /* IsProgrammingForMe */;
			targetProxy = 3D9D84632759D14E00EB6F79 /* PBXContainerItemProxy */;
		};
		3D9D846E2759D14E00EB6F79 /* PBXTargetDependency */ = {
			isa = PBXTargetDependency;
			target = 3D9D844C2759D14D00EB6F79 /* IsProgrammingForMe */;
			targetProxy = 3D9D846D2759D14E00EB6F79 /* PBXContainerItemProxy */;
		};
/* End PBXTargetDependency section */

/* Begin XCBuildConfiguration section */
		3D9D84742759D14E00EB6F79 /* Debug */ = {
			isa = XCBuildConfiguration;
			buildSettings = {
				ALWAYS_SEARCH_USER_PATHS = NO;
				CLANG_ANALYZER_NONNULL = YES;
				CLANG_ANALYZER_NUMBER_OBJECT_CONVERSION = YES_AGGRESSIVE;
				CLANG_CXX_LANGUAGE_STANDARD = "gnu++17";
				CLANG_CXX_LIBRARY = "libc++";
				CLANG_ENABLE_MODULES = YES;
				CLANG_ENABLE_OBJC_ARC = YES;
				CLANG_ENABLE_OBJC_WEAK = YES;
				CLANG_WARN_BLOCK_CAPTURE_AUTORELEASING = YES;
				CLANG_WARN_BOOL_CONVERSION = YES;
				CLANG_WARN_COMMA = YES;
				CLANG_WARN_CONSTANT_CONVERSION = YES;
				CLANG_WARN_DEPRECATED_OBJC_IMPLEMENTATIONS = YES;
				CLANG_WARN_DIRECT_OBJC_ISA_USAGE = YES_ERROR;
				CLANG_WARN_DOCUMENTATION_COMMENTS = YES;
				CLANG_WARN_EMPTY_BODY = YES;
				CLANG_WARN_ENUM_CONVERSION = YES;
				CLANG_WARN_INFINITE_RECURSION = YES;
				CLANG_WARN_INT_CONVERSION = YES;
				CLANG_WARN_NON_LITERAL_NULL_CONVERSION = YES;
				CLANG_WARN_OBJC_IMPLICIT_RETAIN_SELF = YES;
				CLANG_WARN_OBJC_LITERAL_CONVERSION = YES;
				CLANG_WARN_OBJC_ROOT_CLASS = YES_ERROR;
				CLANG_WARN_QUOTED_INCLUDE_IN_FRAMEWORK_HEADER = YES;
				CLANG_WARN_RANGE_LOOP_ANALYSIS = YES;
				CLANG_WARN_STRICT_PROTOTYPES = YES;
				CLANG_WARN_SUSPICIOUS_MOVE = YES;
				CLANG_WARN_UNGUARDED_AVAILABILITY = YES_AGGRESSIVE;
				CLANG_WARN_UNREACHABLE_CODE = YES;
				CLANG_WARN__DUPLICATE_METHOD_MATCH = YES;
				COPY_PHASE_STRIP = NO;
				DEBUG_INFORMATION_FORMAT = dwarf;
				ENABLE_STRICT_OBJC_MSGSEND = YES;
				ENABLE_TESTABILITY = YES;
				GCC_C_LANGUAGE_STANDARD = gnu11;
				GCC_DYNAMIC_NO_PIC = NO;
				GCC_NO_COMMON_BLOCKS = YES;
				GCC_OPTIMIZATION_LEVEL = 0;
				GCC_PREPROCESSOR_DEFINITIONS = (
					"DEBUG=1",
					"$(inherited)",
				);
				GCC_WARN_64_TO_32_BIT_CONVERSION = YES;
				GCC_WARN_ABOUT_RETURN_TYPE = YES_ERROR;
				GCC_WARN_UNDECLARED_SELECTOR = YES;
				GCC_WARN_UNINITIALIZED_AUTOS = YES_AGGRESSIVE;
				GCC_WARN_UNUSED_FUNCTION = YES;
				GCC_WARN_UNUSED_VARIABLE = YES;
				IPHONEOS_DEPLOYMENT_TARGET = 15.0;
				MTL_ENABLE_DEBUG_INFO = INCLUDE_SOURCE;
				MTL_FAST_MATH = YES;
				ONLY_ACTIVE_ARCH = YES;
				SDKROOT = iphoneos;
				SWIFT_ACTIVE_COMPILATION_CONDITIONS = DEBUG;
				SWIFT_OPTIMIZATION_LEVEL = "-Onone";
			};
			name = Debug;
		};
		3D9D84752759D14E00EB6F79 /* Release */ = {
			isa = XCBuildConfiguration;
			buildSettings = {
				ALWAYS_SEARCH_USER_PATHS = NO;
				CLANG_ANALYZER_NONNULL = YES;
				CLANG_ANALYZER_NUMBER_OBJECT_CONVERSION = YES_AGGRESSIVE;
				CLANG_CXX_LANGUAGE_STANDARD = "gnu++17";
				CLANG_CXX_LIBRARY = "libc++";
				CLANG_ENABLE_MODULES = YES;
				CLANG_ENABLE_OBJC_ARC = YES;
				CLANG_ENABLE_OBJC_WEAK = YES;
				CLANG_WARN_BLOCK_CAPTURE_AUTORELEASING = YES;
				CLANG_WARN_BOOL_CONVERSION = YES;
				CLANG_WARN_COMMA = YES;
				CLANG_WARN_CONSTANT_CONVERSION = YES;
				CLANG_WARN_DEPRECATED_OBJC_IMPLEMENTATIONS = YES;
				CLANG_WARN_DIRECT_OBJC_ISA_USAGE = YES_ERROR;
				CLANG_WARN_DOCUMENTATION_COMMENTS = YES;
				CLANG_WARN_EMPTY_BODY = YES;
				CLANG_WARN_ENUM_CONVERSION = YES;
				CLANG_WARN_INFINITE_RECURSION = YES;
				CLANG_WARN_INT_CONVERSION = YES;
				CLANG_WARN_NON_LITERAL_NULL_CONVERSION = YES;
				CLANG_WARN_OBJC_IMPLICIT_RETAIN_SELF = YES;
				CLANG_WARN_OBJC_LITERAL_CONVERSION = YES;
				CLANG_WARN_OBJC_ROOT_CLASS = YES_ERROR;
				CLANG_WARN_QUOTED_INCLUDE_IN_FRAMEWORK_HEADER = YES;
				CLANG_WARN_RANGE_LOOP_ANALYSIS = YES;
				CLANG_WARN_STRICT_PROTOTYPES = YES;
				CLANG_WARN_SUSPICIOUS_MOVE = YES;
				CLANG_WARN_UNGUARDED_AVAILABILITY = YES_AGGRESSIVE;
				CLANG_WARN_UNREACHABLE_CODE = YES;
				CLANG_WARN__DUPLICATE_METHOD_MATCH = YES;
				COPY_PHASE_STRIP = NO;
				DEBUG_INFORMATION_FORMAT = "dwarf-with-dsym";
				ENABLE_NS_ASSERTIONS = NO;
				ENABLE_STRICT_OBJC_MSGSEND = YES;
				GCC_C_LANGUAGE_STANDARD = gnu11;
				GCC_NO_COMMON_BLOCKS = YES;
				GCC_WARN_64_TO_32_BIT_CONVERSION = YES;
				GCC_WARN_ABOUT_RETURN_TYPE = YES_ERROR;
				GCC_WARN_UNDECLARED_SELECTOR = YES;
				GCC_WARN_UNINITIALIZED_AUTOS = YES_AGGRESSIVE;
				GCC_WARN_UNUSED_FUNCTION = YES;
				GCC_WARN_UNUSED_VARIABLE = YES;
				IPHONEOS_DEPLOYMENT_TARGET = 15.0;
				MTL_ENABLE_DEBUG_INFO = NO;
				MTL_FAST_MATH = YES;
				SDKROOT = iphoneos;
				SWIFT_COMPILATION_MODE = wholemodule;
				SWIFT_OPTIMIZATION_LEVEL = "-O";
				VALIDATE_PRODUCT = YES;
			};
			name = Release;
		};
		3D9D84772759D14E00EB6F79 /* Debug */ = {
			isa = XCBuildConfiguration;
			buildSettings = {
				ASSETCATALOG_COMPILER_APPICON_NAME = AppIcon;
				ASSETCATALOG_COMPILER_GLOBAL_ACCENT_COLOR_NAME = AccentColor;
				CODE_SIGN_STYLE = Automatic;
				CURRENT_PROJECT_VERSION = 1;
				DEVELOPMENT_ASSET_PATHS = "\"IsProgrammingForMe/Preview Content\"";
				ENABLE_PREVIEWS = YES;
				GENERATE_INFOPLIST_FILE = YES;
				INFOPLIST_KEY_UIApplicationSceneManifest_Generation = YES;
				INFOPLIST_KEY_UIApplicationSupportsIndirectInputEvents = YES;
				INFOPLIST_KEY_UILaunchScreen_Generation = YES;
				INFOPLIST_KEY_UISupportedInterfaceOrientations_iPad = "UIInterfaceOrientationPortrait UIInterfaceOrientationPortraitUpsideDown UIInterfaceOrientationLandscapeLeft UIInterfaceOrientationLandscapeRight";
				INFOPLIST_KEY_UISupportedInterfaceOrientations_iPhone = "UIInterfaceOrientationPortrait UIInterfaceOrientationLandscapeLeft UIInterfaceOrientationLandscapeRight";
				LD_RUNPATH_SEARCH_PATHS = (
					"$(inherited)",
					"@executable_path/Frameworks",
				);
				MARKETING_VERSION = 1.0;
				PRODUCT_BUNDLE_IDENTIFIER = app1.IsProgrammingForMe;
				PRODUCT_NAME = "$(TARGET_NAME)";
				SWIFT_EMIT_LOC_STRINGS = YES;
				SWIFT_VERSION = 5.0;
				TARGETED_DEVICE_FAMILY = "1,2";
			};
			name = Debug;
		};
		3D9D84782759D14E00EB6F79 /* Release */ = {
			isa = XCBuildConfiguration;
			buildSettings = {
				ASSETCATALOG_COMPILER_APPICON_NAME = AppIcon;
				ASSETCATALOG_COMPILER_GLOBAL_ACCENT_COLOR_NAME = AccentColor;
				CODE_SIGN_STYLE = Automatic;
				CURRENT_PROJECT_VERSION = 1;
				DEVELOPMENT_ASSET_PATHS = "\"IsProgrammingForMe/Preview Content\"";
				ENABLE_PREVIEWS = YES;
				GENERATE_INFOPLIST_FILE = YES;
				INFOPLIST_KEY_UIApplicationSceneManifest_Generation = YES;
				INFOPLIST_KEY_UIApplicationSupportsIndirectInputEvents = YES;
				INFOPLIST_KEY_UILaunchScreen_Generation = YES;
				INFOPLIST_KEY_UISupportedInterfaceOrientations_iPad = "UIInterfaceOrientationPortrait UIInterfaceOrientationPortraitUpsideDown UIInterfaceOrientationLandscapeLeft UIInterfaceOrientationLandscapeRight";
				INFOPLIST_KEY_UISupportedInterfaceOrientations_iPhone = "UIInterfaceOrientationPortrait UIInterfaceOrientationLandscapeLeft UIInterfaceOrientationLandscapeRight";
				LD_RUNPATH_SEARCH_PATHS = (
					"$(inherited)",
					"@executable_path/Frameworks",
				);
				MARKETING_VERSION = 1.0;
				PRODUCT_BUNDLE_IDENTIFIER = app1.IsProgrammingForMe;
				PRODUCT_NAME = "$(TARGET_NAME)";
				SWIFT_EMIT_LOC_STRINGS = YES;
				SWIFT_VERSION = 5.0;
				TARGETED_DEVICE_FAMILY = "1,2";
			};
			name = Release;
		};
		3D9D847A2759D14E00EB6F79 /* Debug */ = {
			isa = XCBuildConfiguration;
			buildSettings = {
				ALWAYS_EMBED_SWIFT_STANDARD_LIBRARIES = YES;
				BUNDLE_LOADER = "$(TEST_HOST)";
				CODE_SIGN_STYLE = Automatic;
				CURRENT_PROJECT_VERSION = 1;
				GENERATE_INFOPLIST_FILE = YES;
				IPHONEOS_DEPLOYMENT_TARGET = 15.0;
				LD_RUNPATH_SEARCH_PATHS = (
					"$(inherited)",
					"@executable_path/Frameworks",
					"@loader_path/Frameworks",
				);
				MARKETING_VERSION = 1.0;
				PRODUCT_BUNDLE_IDENTIFIER = app1.IsProgrammingForMeTests;
				PRODUCT_NAME = "$(TARGET_NAME)";
				SWIFT_EMIT_LOC_STRINGS = NO;
				SWIFT_VERSION = 5.0;
				TARGETED_DEVICE_FAMILY = "1,2";
				TEST_HOST = "$(BUILT_PRODUCTS_DIR)/IsProgrammingForMe.app/IsProgrammingForMe";
			};
			name = Debug;
		};
		3D9D847B2759D14E00EB6F79 /* Release */ = {
			isa = XCBuildConfiguration;
			buildSettings = {
				ALWAYS_EMBED_SWIFT_STANDARD_LIBRARIES = YES;
				BUNDLE_LOADER = "$(TEST_HOST)";
				CODE_SIGN_STYLE = Automatic;
				CURRENT_PROJECT_VERSION = 1;
				GENERATE_INFOPLIST_FILE = YES;
				IPHONEOS_DEPLOYMENT_TARGET = 15.0;
				LD_RUNPATH_SEARCH_PATHS = (
					"$(inherited)",
					"@executable_path/Frameworks",
					"@loader_path/Frameworks",
				);
				MARKETING_VERSION = 1.0;
				PRODUCT_BUNDLE_IDENTIFIER = app1.IsProgrammingForMeTests;
				PRODUCT_NAME = "$(TARGET_NAME)";
				SWIFT_EMIT_LOC_STRINGS = NO;
				SWIFT_VERSION = 5.0;
				TARGETED_DEVICE_FAMILY = "1,2";
				TEST_HOST = "$(BUILT_PRODUCTS_DIR)/IsProgrammingForMe.app/IsProgrammingForMe";
			};
			name = Release;
		};
		3D9D847D2759D14E00EB6F79 /* Debug */ = {
			isa = XCBuildConfiguration;
			buildSettings = {
				ALWAYS_EMBED_SWIFT_STANDARD_LIBRARIES = YES;
				CODE_SIGN_STYLE = Automatic;
				CURRENT_PROJECT_VERSION = 1;
				GENERATE_INFOPLIST_FILE = YES;
				LD_RUNPATH_SEARCH_PATHS = (
					"$(inherited)",
					"@executable_path/Frameworks",
					"@loader_path/Frameworks",
				);
				MARKETING_VERSION = 1.0;
				PRODUCT_BUNDLE_IDENTIFIER = app1.IsProgrammingForMeUITests;
				PRODUCT_NAME = "$(TARGET_NAME)";
				SWIFT_EMIT_LOC_STRINGS = NO;
				SWIFT_VERSION = 5.0;
				TARGETED_DEVICE_FAMILY = "1,2";
				TEST_TARGET_NAME = IsProgrammingForMe;
			};
			name = Debug;
		};
		3D9D847E2759D14E00EB6F79 /* Release */ = {
			isa = XCBuildConfiguration;
			buildSettings = {
				ALWAYS_EMBED_SWIFT_STANDARD_LIBRARIES = YES;
				CODE_SIGN_STYLE = Automatic;
				CURRENT_PROJECT_VERSION = 1;
				GENERATE_INFOPLIST_FILE = YES;
				LD_RUNPATH_SEARCH_PATHS = (
					"$(inherited)",
					"@executable_path/Frameworks",
					"@loader_path/Frameworks",
				);
				MARKETING_VERSION = 1.0;
				PRODUCT_BUNDLE_IDENTIFIER = app1.IsProgrammingForMeUITests;
				PRODUCT_NAME = "$(TARGET_NAME)";
				SWIFT_EMIT_LOC_STRINGS = NO;
				SWIFT_VERSION = 5.0;
				TARGETED_DEVICE_FAMILY = "1,2";
				TEST_TARGET_NAME = IsProgrammingForMe;
			};
			name = Release;
		};
/* End XCBuildConfiguration section */

/* Begin XCConfigurationList section */
		3D9D84482759D14D00EB6F79 /* Build configuration list for PBXProject "IsProgrammingForMe" */ = {
			isa = XCConfigurationList;
			buildConfigurations = (
				3D9D84742759D14E00EB6F79 /* Debug */,
				3D9D84752759D14E00EB6F79 /* Release */,
			);
			defaultConfigurationIsVisible = 0;
			defaultConfigurationName = Release;
		};
		3D9D84762759D14E00EB6F79 /* Build configuration list for PBXNativeTarget "IsProgrammingForMe" */ = {
			isa = XCConfigurationList;
			buildConfigurations = (
				3D9D84772759D14E00EB6F79 /* Debug */,
				3D9D84782759D14E00EB6F79 /* Release */,
			);
			defaultConfigurationIsVisible = 0;
			defaultConfigurationName = Release;
		};
		3D9D84792759D14E00EB6F79 /* Build configuration list for PBXNativeTarget "IsProgrammingForMeTests" */ = {
			isa = XCConfigurationList;
			buildConfigurations = (
				3D9D847A2759D14E00EB6F79 /* Debug */,
				3D9D847B2759D14E00EB6F79 /* Release */,
			);
			defaultConfigurationIsVisible = 0;
			defaultConfigurationName = Release;
		};
		3D9D847C2759D14E00EB6F79 /* Build configuration list for PBXNativeTarget "IsProgrammingForMeUITests" */ = {
			isa = XCConfigurationList;
			buildConfigurations = (
				3D9D847D2759D14E00EB6F79 /* Debug */,
				3D9D847E2759D14E00EB6F79 /* Release */,
			);
			defaultConfigurationIsVisible = 0;
			defaultConfigurationName = Release;
		};
/* End XCConfigurationList section */

/* Begin XCVersionGroup section */
		3D9D845B2759D14E00EB6F79 /* IsProgrammingForMe.xcdatamodeld */ = {
			isa = XCVersionGroup;
			children = (
				3D9D845C2759D14E00EB6F79 /* IsProgrammingForMe.xcdatamodel */,
			);
			currentVersion = 3D9D845C2759D14E00EB6F79 /* IsProgrammingForMe.xcdatamodel */;
			path = IsProgrammingForMe.xcdatamodeld;
			sourceTree = "<group>";
			versionGroupType = wrapper.xcdatamodel;
		};
/* End XCVersionGroup section */
	};
	rootObject = 3D9D84452759D14D00EB6F79 /* Project object */;
}
